{
  "name": "react-docgen-ts",
  "version": "0.0.0",
  "lockfileVersion": 1,
  "requires": true,
  "dependencies": {
    "@nodelib/fs.scandir": {
      "version": "2.1.5",
      "resolved": "https://bnpm.byted.org/@nodelib/fs.scandir/-/@nodelib/fs.scandir-2.1.5.tgz",
      "integrity": "sha1-dhnC6yGyVIP20WdUi0z9WnSIw9U=",
      "requires": {
        "@nodelib/fs.stat": "2.0.5",
        "run-parallel": "^1.1.9"
      }
    },
    "@nodelib/fs.stat": {
      "version": "2.0.5",
      "resolved": "https://bnpm.byted.org/@nodelib/fs.stat/-/@nodelib/fs.stat-2.0.5.tgz",
      "integrity": "sha1-W9Jir5Tp0lvR5xsF3u1Eh2oiLos="
    },
    "@nodelib/fs.walk": {
      "version": "1.2.7",
      "resolved": "https://bnpm.byted.org/@nodelib/fs.walk/-/@nodelib/fs.walk-1.2.7.tgz",
      "integrity": "sha1-lMI9sY7kZT4Smr0m+wb4cKyeHuI=",
      "requires": {
        "@nodelib/fs.scandir": "2.1.5",
        "fastq": "^1.6.0"
      }
    },
    "@ts-morph/common": {
      "version": "0.10.0",
      "resolved": "https://bnpm.byted.org/@ts-morph/common/-/@ts-morph/common-0.10.0.tgz",
      "integrity": "sha1-0DLqb21BFbcvpQrVYAm668wecbg=",
      "requires": {
        "fast-glob": "^3.2.5",
        "minimatch": "^3.0.4",
        "mkdirp": "^1.0.4",
        "path-browserify": "^1.0.1"
      }
    },
    "@types/glob": {
      "version": "7.1.3",
      "resolved": "https://bnpm.byted.org/@types/glob/-/@types/glob-7.1.3.tgz",
      "integrity": "sha1-5rqA82t9qtLGhazZJmOC5omFwYM=",
      "dev": true,
      "requires": {
        "@types/minimatch": "*",
        "@types/node": "*"
      }
    },
    "@types/minimatch": {
      "version": "3.0.4",
      "resolved": "https://bnpm.byted.org/@types/minimatch/-/@types/minimatch-3.0.4.tgz",
      "integrity": "sha1-8Owl2/Lw5LGGRzE6wDETTKWySyE=",
      "dev": true
    },
    "@types/node": {
      "version": "15.12.5",
      "resolved": "https://bnpm.byted.org/@types/node/-/@types/node-15.12.5.tgz",
      "integrity": "sha1-mngxikXXXJUj0jlhMb08ylSy0YU=",
      "dev": true
    },
    "@types/prop-types": {
      "version": "15.7.3",
      "resolved": "https://bnpm.byted.org/@types/prop-types/-/@types/prop-types-15.7.3.tgz",
      "integrity": "sha1-KrDV2i5YFflLC51LldHl8kOrLKc=",
      "dev": true
    },
    "@types/react": {
      "version": "17.0.11",
      "resolved": "https://bnpm.byted.org/@types/react/-/@types/react-17.0.11.tgz",
      "integrity": "sha1-Z/zQ3b9aCwg6D5TpJsfWPzuDZFE=",
      "dev": true,
      "requires": {
        "@types/prop-types": "*",
        "@types/scheduler": "*",
        "csstype": "^3.0.2"
      }
    },
    "@types/scheduler": {
      "version": "0.16.1",
      "resolved": "https://bnpm.byted.org/@types/scheduler/-/@types/scheduler-0.16.1.tgz",
      "integrity": "sha1-GIRSBehv8AOFF6q3oYpiprn3EnU=",
      "dev": true
    },
    "ansi-styles": {
      "version": "4.3.0",
      "resolved": "http://bnpm.byted.org/ansi-styles/-/ansi-styles-4.3.0.tgz",
      "integrity": "sha512-zbB9rCJAT1rbjiVDb2hqKFHNYLxgtk8NURxZ3IZwD3F6NtxbXZQCnnSi1Lkx+IDohdPlFp222wVALIheZJQSEg==",
      "requires": {
        "color-convert": "^2.0.1"
      }
    },
    "argparse": {
      "version": "1.0.10",
      "resolved": "https://bnpm.byted.org/argparse/-/argparse-1.0.10.tgz",
      "integrity": "sha1-vNZ5HqWuCXJeF+WtmIE0zUCz2RE=",
      "requires": {
        "sprintf-js": "~1.0.2"
      }
    },
    "balanced-match": {
      "version": "1.0.2",
      "resolved": "https://bnpm.byted.org/balanced-match/-/balanced-match-1.0.2.tgz",
      "integrity": "sha1-6D46fj8wCzTLnYf2FfoMvzV2kO4="
    },
    "brace-expansion": {
      "version": "1.1.11",
      "resolved": "https://bnpm.byted.org/brace-expansion/-/brace-expansion-1.1.11.tgz",
      "integrity": "sha1-PH/L9SnYcibz0vUrlm/1Jx60Qd0=",
      "requires": {
        "balanced-match": "^1.0.0",
        "concat-map": "0.0.1"
      }
    },
    "braces": {
      "version": "3.0.2",
      "resolved": "https://bnpm.byted.org/braces/-/braces-3.0.2.tgz",
      "integrity": "sha1-NFThpGLujVmeI23zNs2epPiv4Qc=",
      "requires": {
        "fill-range": "^7.0.1"
      }
    },
    "chalk": {
      "version": "4.1.1",
      "resolved": "http://bnpm.byted.org/chalk/-/chalk-4.1.1.tgz",
      "integrity": "sha512-diHzdDKxcU+bAsUboHLPEDQiw0qEe0qd7SYUn3HgcFlWgbDcfLGswOHYeGrHKzG9z6UYf01d9VFMfZxPM1xZSg==",
      "requires": {
        "ansi-styles": "^4.1.0",
        "supports-color": "^7.1.0"
      }
    },
    "code-block-writer": {
      "version": "10.1.1",
      "resolved": "https://bnpm.byted.org/code-block-writer/-/code-block-writer-10.1.1.tgz",
      "integrity": "sha1-rVaE7Uv7KweDyLExKBroTuZApC8="
    },
    "color-convert": {
      "version": "2.0.1",
      "resolved": "https://bnpm.byted.org/color-convert/-/color-convert-2.0.1.tgz",
      "integrity": "sha1-ctOmjVmMm9s68q0ehPIdiWq9TeM=",
      "requires": {
        "color-name": "~1.1.4"
      }
    },
    "color-name": {
      "version": "1.1.4",
      "resolved": "https://bnpm.byted.org/color-name/-/color-name-1.1.4.tgz",
      "integrity": "sha1-wqCah6y95pVD3m9j+jmVyCbFNqI="
    },
    "concat-map": {
      "version": "0.0.1",
      "resolved": "https://bnpm.byted.org/concat-map/-/concat-map-0.0.1.tgz",
      "integrity": "sha1-2Klr13/Wjfd5OnMDajug1UBdR3s="
    },
    "csstype": {
      "version": "3.0.8",
      "resolved": "https://bnpm.byted.org/csstype/-/csstype-3.0.8.tgz",
      "integrity": "sha1-0iZqeScp+yJ80hb7Vy9Dco4a00A=",
      "dev": true
    },
    "esprima": {
      "version": "4.0.1",
      "resolved": "https://bnpm.byted.org/esprima/-/esprima-4.0.1.tgz",
      "integrity": "sha1-E7BM2z5sXRnfkatph6hpVhmwqnE="
    },
    "fast-glob": {
      "version": "3.2.6",
      "resolved": "https://bnpm.byted.org/fast-glob/-/fast-glob-3.2.6.tgz",
      "integrity": "sha1-Q03ZUphFF26gSazJND6CgnZcbho=",
      "requires": {
        "@nodelib/fs.stat": "^2.0.2",
        "@nodelib/fs.walk": "^1.2.3",
        "glob-parent": "^5.1.2",
        "merge2": "^1.3.0",
        "micromatch": "^4.0.4"
      }
    },
    "fastq": {
      "version": "1.11.0",
      "resolved": "https://bnpm.byted.org/fastq/-/fastq-1.11.0.tgz",
      "integrity": "sha1-u5+5VaBxMKkY62PB9RYcwypdCFg=",
      "requires": {
        "reusify": "^1.0.4"
      }
    },
    "fill-range": {
      "version": "7.0.1",
      "resolved": "https://bnpm.byted.org/fill-range/-/fill-range-7.0.1.tgz",
      "integrity": "sha1-GRmmp8df44ssfHflGYU12prN2kA=",
      "requires": {
        "to-regex-range": "^5.0.1"
      }
    },
    "front-matter": {
      "version": "4.0.2",
      "resolved": "https://bnpm.byted.org/front-matter/-/front-matter-4.0.2.tgz",
      "integrity": "sha1-sU5U3HRc/XKTSE8yENFepO3X9NU=",
      "requires": {
        "js-yaml": "^3.13.1"
      }
    },
    "glob-parent": {
      "version": "5.1.2",
      "resolved": "https://bnpm.byted.org/glob-parent/-/glob-parent-5.1.2.tgz",
      "integrity": "sha1-hpgyxYA0/mikCTwX3BXoNA2EAcQ=",
      "requires": {
        "is-glob": "^4.0.1"
      }
    },
    "has-flag": {
      "version": "4.0.0",
      "resolved": "https://bnpm.byted.org/has-flag/-/has-flag-4.0.0.tgz",
      "integrity": "sha1-lEdx/ZyByBJlxNaUGGDaBrtZR5s="
    },
    "is-extglob": {
      "version": "2.1.1",
      "resolved": "https://bnpm.byted.org/is-extglob/-/is-extglob-2.1.1.tgz",
      "integrity": "sha1-qIwCU1eR8C7TfHahueqXc8gz+MI="
    },
    "is-glob": {
      "version": "4.0.1",
      "resolved": "https://bnpm.byted.org/is-glob/-/is-glob-4.0.1.tgz",
      "integrity": "sha1-dWfb6fL14kZ7x3q4PEopSCQHpdw=",
      "requires": {
        "is-extglob": "^2.1.1"
      }
    },
    "is-number": {
      "version": "7.0.0",
      "resolved": "https://bnpm.byted.org/is-number/-/is-number-7.0.0.tgz",
      "integrity": "sha1-dTU0W4lnNNX4DE0GxQlVUnoU8Ss="
    },
    "js-tokens": {
      "version": "4.0.0",
      "resolved": "https://bnpm.byted.org/js-tokens/-/js-tokens-4.0.0.tgz",
      "integrity": "sha1-GSA/tZmR35jjoocFDUZHzerzJJk=",
      "dev": true
    },
    "js-yaml": {
      "version": "3.14.1",
      "resolved": "https://bnpm.byted.org/js-yaml/-/js-yaml-3.14.1.tgz",
      "integrity": "sha1-2ugS/bOCX6MGYJqHFzg8UMNqBTc=",
      "requires": {
        "argparse": "^1.0.7",
        "esprima": "^4.0.0"
      }
    },
    "loose-envify": {
      "version": "1.4.0",
      "resolved": "https://bnpm.byted.org/loose-envify/-/loose-envify-1.4.0.tgz",
      "integrity": "sha1-ce5R+nvkyuwaY4OffmgtgTLTDK8=",
      "dev": true,
      "requires": {
        "js-tokens": "^3.0.0 || ^4.0.0"
      }
    },
    "merge2": {
      "version": "1.4.1",
      "resolved": "https://bnpm.byted.org/merge2/-/merge2-1.4.1.tgz",
      "integrity": "sha1-Q2iJL4hekHRVpv19xVwMnUBJkK4="
    },
    "micromatch": {
      "version": "4.0.4",
      "resolved": "https://bnpm.byted.org/micromatch/-/micromatch-4.0.4.tgz",
      "integrity": "sha1-iW1Rnf6dsl/OlM63pQCRm/iB6/k=",
      "requires": {
        "braces": "^3.0.1",
        "picomatch": "^2.2.3"
      }
    },
    "minimatch": {
      "version": "3.0.4",
      "resolved": "https://bnpm.byted.org/minimatch/-/minimatch-3.0.4.tgz",
      "integrity": "sha1-UWbihkV/AzBgZL5Ul+jbsMPTIIM=",
      "requires": {
        "brace-expansion": "^1.1.7"
      }
    },
    "mkdirp": {
      "version": "1.0.4",
      "resolved": "https://bnpm.byted.org/mkdirp/-/mkdirp-1.0.4.tgz",
      "integrity": "sha1-PrXtYmInVteaXw4qIh3+utdcL34="
    },
    "object-assign": {
      "version": "4.1.1",
      "resolved": "https://bnpm.byted.org/object-assign/-/object-assign-4.1.1.tgz",
      "integrity": "sha1-IQmtx5ZYh8/AXLvUQsrIv7s2CGM=",
      "dev": true
    },
    "path-browserify": {
      "version": "1.0.1",
      "resolved": "https://bnpm.byted.org/path-browserify/-/path-browserify-1.0.1.tgz",
      "integrity": "sha1-2YRUqcN1PVeQhg8W9ohnueRr4f0="
    },
    "picomatch": {
      "version": "2.3.0",
      "resolved": "https://bnpm.byted.org/picomatch/-/picomatch-2.3.0.tgz",
      "integrity": "sha1-8fBh3o9qS/AiiS4tEoI0+5gwKXI="
    },
    "queue-microtask": {
      "version": "1.2.3",
      "resolved": "https://bnpm.byted.org/queue-microtask/-/queue-microtask-1.2.3.tgz",
      "integrity": "sha1-SSkii7xyTfrEPg77BYyve2z7YkM="
    },
    "react": {
      "version": "17.0.2",
      "resolved": "https://bnpm.byted.org/react/-/react-17.0.2.tgz",
      "integrity": "sha1-0LXMUW0p6z7uOD91tihkz7aAADc=",
      "dev": true,
      "requires": {
        "loose-envify": "^1.1.0",
        "object-assign": "^4.1.1"
      }
    },
    "react-docgen-typescript": {
      "version": "2.0.0",
      "resolved": "https://bnpm.byted.org/react-docgen-typescript/-/react-docgen-typescript-2.0.0.tgz",
      "integrity": "sha1-D2hDUBWa5NLVVvi8JBp0ZpdTlEs="
    },
    "reusify": {
      "version": "1.0.4",
      "resolved": "https://bnpm.byted.org/reusify/-/reusify-1.0.4.tgz",
      "integrity": "sha1-kNo4Kx4SbvwCFG6QhFqI2xKSXXY="
    },
    "run-parallel": {
      "version": "1.2.0",
      "resolved": "https://bnpm.byted.org/run-parallel/-/run-parallel-1.2.0.tgz",
      "integrity": "sha1-ZtE2jae9+SHrnZW9GpIp5/IaQ+4=",
      "requires": {
        "queue-microtask": "^1.2.2"
      }
    },
    "sprintf-js": {
      "version": "1.0.3",
      "resolved": "https://bnpm.byted.org/sprintf-js/-/sprintf-js-1.0.3.tgz",
      "integrity": "sha1-BOaSb2YolTVPPdAVIDYzuFcpfiw="
    },
    "supports-color": {
      "version": "7.2.0",
      "resolved": "http://bnpm.byted.org/supports-color/-/supports-color-7.2.0.tgz",
      "integrity": "sha512-qpCAvRl9stuOHveKsn7HncJRvv501qIacKzQlO/+Lwxc9+0q2wLyv4Dfvt80/DPn2pqOBsJdDiogXGR9+OvwRw==",
      "requires": {
        "has-flag": "^4.0.0"
      }
    },
    "to-regex-range": {
      "version": "5.0.1",
      "resolved": "https://bnpm.byted.org/to-regex-range/-/to-regex-range-5.0.1.tgz",
      "integrity": "sha1-FkjESq58jZiKMmAY7XL1tN0DkuQ=",
      "requires": {
        "is-number": "^7.0.0"
      }
    },
    "ts-morph": {
      "version": "11.0.0",
      "resolved": "https://bnpm.byted.org/ts-morph/-/ts-morph-11.0.0.tgz",
      "integrity": "sha1-URs8qhlHOf7wYZNn+OZd6bR14dQ=",
      "requires": {
        "@ts-morph/common": "~0.10.0",
        "code-block-writer": "^10.1.1"
      }
    },
    "typescript": {
      "version": "4.3.4",
      "resolved": "https://bnpm.byted.org/typescript/-/typescript-4.3.4.tgz",
      "integrity": "sha1-P4W5hpRbzzEHHezdls+L+mX53Lw=",
      "dev": true
    }
  }
}
